
Microsoft Visual Studio Solution File, Format Version 12.00
# Visual Studio Version 17
VisualStudioVersion = 17.9.34728.123
MinimumVisualStudioVersion = 10.0.40219.1
Project("{FAE04EC0-301F-11D3-BF4B-00C04F79EFBC}") = "SinbodaSemiAuto", "SinbodaSemiAuto\SinbodaSemiAuto.csproj", "{0022547E-F8E7-4C21-9AC5-6860DA19BB36}"
EndProject
Project("{2150E333-8FDC-42A3-9474-1A3956D46DE8}") = "3.Core", "3.Core", "{54F31ED8-41D9-4BE4-B925-41794038BBB0}"
EndProject
Project("{FAE04EC0-301F-11D3-BF4B-00C04F79EFBC}") = "Sinboda.Framework.MainWindow.Blue", "Sinboda.Framework.MainWindow.Blue\Sinboda.Framework.MainWindow.Blue.csproj", "{81BBBFAB-153A-4322-AED2-988F94338BFF}"
EndProject
Project("{2150E333-8FDC-42A3-9474-1A3956D46DE8}") = "0.Assistance", "0.Assistance", "{19F5E2A9-8A2D-455D-A743-0CFB7A1CE272}"
EndProject
Project("{FAE04EC0-301F-11D3-BF4B-00C04F79EFBC}") = "Assistance", "Assistance\Assistance.csproj", "{A0186EF1-CF79-4ED6-B6CC-6D6FD0F04B54}"
EndProject
Project("{FAE04EC0-301F-11D3-BF4B-00C04F79EFBC}") = "Sinboda.Framework.Core", "Sinboda.Framework.Core\Sinboda.Framework.Core.csproj", "{50E1C93D-C3F9-45BA-953D-1CD3999481A4}"
EndProject
Project("{2150E333-8FDC-42A3-9474-1A3956D46DE8}") = "1.Common", "1.Common", "{B7D040EF-AFC9-4281-9A0C-18EB8F84CF9E}"
EndProject
Project("{FAE04EC0-301F-11D3-BF4B-00C04F79EFBC}") = "Sinboda.Framework.Infrastructure", "Sinboda.Framework.Infrastructure\Sinboda.Framework.Infrastructure.csproj", "{EC0027FF-D323-49F7-AD88-5A65899E7414}"
EndProject
Project("{FAE04EC0-301F-11D3-BF4B-00C04F79EFBC}") = "Sinboda.Framework.Common", "Sinboda.Framework.Common\Sinboda.Framework.Common.csproj", "{E19F772F-4A54-4AEC-AF62-BCAEDB9DE5DA}"
EndProject
Project("{2150E333-8FDC-42A3-9474-1A3956D46DE8}") = "2.Business", "2.Business", "{49093BF7-9AEE-42B1-A9AB-924EADE9B620}"
EndProject
Project("{FAE04EC0-301F-11D3-BF4B-00C04F79EFBC}") = "Sinboda.Framework.Business.SystemSetup", "Sinboda.Framework.Business.SystemSetup\Sinboda.Framework.Business.SystemSetup.csproj", "{92E6DB25-45D2-451E-B40C-DB98BE0D8DAC}"
EndProject
Project("{FAE04EC0-301F-11D3-BF4B-00C04F79EFBC}") = "Sinboda.Framework.Control", "Sinboda.Framework.Control\Sinboda.Framework.Control.csproj", "{7E60E250-84E5-40AC-968E-ADD432A17715}"
EndProject
Project("{FAE04EC0-301F-11D3-BF4B-00C04F79EFBC}") = "Sinboda.Theme.Blue", "Sinboda.Theme.Blue\Sinboda.Theme.Blue.csproj", "{ED11501D-FBAD-41B7-A237-109F011D9284}"
EndProject
Project("{FAE04EC0-301F-11D3-BF4B-00C04F79EFBC}") = "Sinboda.Framework.View.SystemSetup", "Sinboda.Framework.View.SystemSetup\Sinboda.Framework.View.SystemSetup.csproj", "{42CBB544-20B4-42EA-9324-41DFD84E8002}"
EndProject
Project("{FAE04EC0-301F-11D3-BF4B-00C04F79EFBC}") = "Sinboda.Framework.View.SystemManagement", "Sinboda.Framework.View.SystemManagement\Sinboda.Framework.View.SystemManagement.csproj", "{99C45BDA-AAE7-482E-ABB0-3ED1D3486C89}"
EndProject
Project("{FAE04EC0-301F-11D3-BF4B-00C04F79EFBC}") = "Sinboda.Framework.View.SystemAlarm", "Sinboda.Framework.View.SystemAlarm\Sinboda.Framework.View.SystemAlarm.csproj", "{1356ED85-D501-4026-B510-698BDAFDFB60}"
EndProject
Project("{FAE04EC0-301F-11D3-BF4B-00C04F79EFBC}") = "Sinboda.SemiAuto.View.PageView.AboutView", "Sinboda.MultiModule.View.PageView.AboutView\Sinboda.SemiAuto.View.PageView.AboutView.csproj", "{A38C2F93-2FF7-4A70-9725-A28E9866FAE5}"
EndProject
Project("{FAE04EC0-301F-11D3-BF4B-00C04F79EFBC}") = "Sinboda.Framework.Print", "Sinboda.Framework.Print\Sinboda.Framework.Print.csproj", "{5924F8E7-0123-4318-904A-26BFBF4B02E1}"
EndProject
Project("{FAE04EC0-301F-11D3-BF4B-00C04F79EFBC}") = "Sinboda.Framework.Business.SystemAlarm", "Sinboda.Framework.Business.SystemAlarm\Sinboda.Framework.Business.SystemAlarm.csproj", "{67DDCE03-0F69-42A8-AD9E-9F12CE18829E}"
EndProject
Project("{FAE04EC0-301F-11D3-BF4B-00C04F79EFBC}") = "Sinboda.Framework.Business.SystemManagement", "Sinboda.Framework.Business.SystemManagement\Sinboda.Framework.Business.SystemManagement.csproj", "{97CC3353-F6DA-43EE-8586-36730FA79C52}"
EndProject
Project("{FAE04EC0-301F-11D3-BF4B-00C04F79EFBC}") = "Sinboda.Framework.Communication", "Sinboda.Framework.Communication\Sinboda.Framework.Communication.csproj", "{C7CDD3EC-CE98-420E-9CCD-1D701D3AB827}"
EndProject
Project("{FAE04EC0-301F-11D3-BF4B-00C04F79EFBC}") = "Sinboda.Framework.LIS", "Sinboda.Framework.LIS\Sinboda.Framework.LIS.csproj", "{96443CF4-F03E-4742-9FDC-03DAE6932825}"
EndProject
Project("{2150E333-8FDC-42A3-9474-1A3956D46DE8}") = "4.SemiAutoModels", "4.SemiAutoModels", "{BF28452E-6702-4684-8659-4AA868CFA453}"
EndProject
Project("{FAE04EC0-301F-11D3-BF4B-00C04F79EFBC}") = "Sinboda.SemiAuto.View.Samples", "Sinboda.SemiAuto.View.Samples\Sinboda.SemiAuto.View.Samples.csproj", "{B6D996D5-2F4B-4062-8B0F-E2051C4BD93A}"
EndProject
Project("{FAE04EC0-301F-11D3-BF4B-00C04F79EFBC}") = "Sinboda.SemiAuto.View.Results", "Sinboda.SemiAuto.View.Results\Sinboda.SemiAuto.View.Results.csproj", "{227BD7D6-DF8E-4704-B608-B6768CA18B3E}"
EndProject
Project("{FAE04EC0-301F-11D3-BF4B-00C04F79EFBC}") = "Sinboda.SemiAuto.View.MachineryDebug", "Sinboda.SemiAuto.View.MachineryDebug\Sinboda.SemiAuto.View.MachineryDebug.csproj", "{2B093B1A-87B0-4E37-8DD2-A86CC39D3399}"
EndProject
Project("{2150E333-8FDC-42A3-9474-1A3956D46DE8}") = "5.Sinboda.SemiAuto.Model", "5.Sinboda.SemiAuto.Model", "{C1C9B271-3067-43D0-8413-C53A5086FAA0}"
EndProject
Project("{FAE04EC0-301F-11D3-BF4B-00C04F79EFBC}") = "Sinboda.SemiAuto.Model", "Sinboda.SemiAuto.Model\Sinboda.SemiAuto.Model.csproj", "{EF61FE73-1897-4103-97F6-E01DF667B31D}"
EndProject
Project("{FAE04EC0-301F-11D3-BF4B-00C04F79EFBC}") = "Sinboda.SemiAuto.Business.Samples", "Sinboda.SemiAuto.Business.Samples\Sinboda.SemiAuto.Business.Samples.csproj", "{411D06B3-2631-4298-AC43-4FD68BF752A9}"
EndProject
Project("{FAE04EC0-301F-11D3-BF4B-00C04F79EFBC}") = "Sinboda.SemiAuto.Core", "Sinboda.SemiAuto.Core\Sinboda.SemiAuto.Core.csproj", "{FB80F0D5-02FE-4A86-8FAA-072E1ED1B373}"
EndProject
Project("{FAE04EC0-301F-11D3-BF4B-00C04F79EFBC}") = "Sinboda.SemiAuto.Business.Items", "Sinboda.SemiAuto.Business.Items\Sinboda.SemiAuto.Business.Items.csproj", "{26441ED0-84BF-4645-B177-59BE4D83E1E6}"
EndProject
Project("{FAE04EC0-301F-11D3-BF4B-00C04F79EFBC}") = "Sinboda.SemiAuto.Pvcm", "Sinboda.SemiAuto.Pvcm\Sinboda.SemiAuto.Pvcm.csproj", "{3AC9A09D-1621-4B1A-8B39-57EF26CEAE8A}"
EndProject
Global
	GlobalSection(SolutionConfigurationPlatforms) = preSolution
		Debug|Any CPU = Debug|Any CPU
		Debug|x64 = Debug|x64
		Release|Any CPU = Release|Any CPU
		Release|x64 = Release|x64
	EndGlobalSection
	GlobalSection(ProjectConfigurationPlatforms) = postSolution
		{0022547E-F8E7-4C21-9AC5-6860DA19BB36}.Debug|Any CPU.ActiveCfg = Debug|Any CPU
		{0022547E-F8E7-4C21-9AC5-6860DA19BB36}.Debug|Any CPU.Build.0 = Debug|Any CPU
		{0022547E-F8E7-4C21-9AC5-6860DA19BB36}.Debug|x64.ActiveCfg = Debug|x64
		{0022547E-F8E7-4C21-9AC5-6860DA19BB36}.Debug|x64.Build.0 = Debug|x64
		{0022547E-F8E7-4C21-9AC5-6860DA19BB36}.Release|Any CPU.ActiveCfg = Release|Any CPU
		{0022547E-F8E7-4C21-9AC5-6860DA19BB36}.Release|Any CPU.Build.0 = Release|Any CPU
		{0022547E-F8E7-4C21-9AC5-6860DA19BB36}.Release|x64.ActiveCfg = Release|x64
		{0022547E-F8E7-4C21-9AC5-6860DA19BB36}.Release|x64.Build.0 = Release|x64
		{81BBBFAB-153A-4322-AED2-988F94338BFF}.Debug|Any CPU.ActiveCfg = Debug|Any CPU
		{81BBBFAB-153A-4322-AED2-988F94338BFF}.Debug|Any CPU.Build.0 = Debug|Any CPU
		{81BBBFAB-153A-4322-AED2-988F94338BFF}.Debug|x64.ActiveCfg = Debug|x64
		{81BBBFAB-153A-4322-AED2-988F94338BFF}.Debug|x64.Build.0 = Debug|x64
		{81BBBFAB-153A-4322-AED2-988F94338BFF}.Release|Any CPU.ActiveCfg = Release|Any CPU
		{81BBBFAB-153A-4322-AED2-988F94338BFF}.Release|Any CPU.Build.0 = Release|Any CPU
		{81BBBFAB-153A-4322-AED2-988F94338BFF}.Release|x64.ActiveCfg = Release|x64
		{81BBBFAB-153A-4322-AED2-988F94338BFF}.Release|x64.Build.0 = Release|x64
		{A0186EF1-CF79-4ED6-B6CC-6D6FD0F04B54}.Debug|Any CPU.ActiveCfg = Debug|Any CPU
		{A0186EF1-CF79-4ED6-B6CC-6D6FD0F04B54}.Debug|Any CPU.Build.0 = Debug|Any CPU
		{A0186EF1-CF79-4ED6-B6CC-6D6FD0F04B54}.Debug|x64.ActiveCfg = Debug|x64
		{A0186EF1-CF79-4ED6-B6CC-6D6FD0F04B54}.Debug|x64.Build.0 = Debug|x64
		{A0186EF1-CF79-4ED6-B6CC-6D6FD0F04B54}.Release|Any CPU.ActiveCfg = Release|Any CPU
		{A0186EF1-CF79-4ED6-B6CC-6D6FD0F04B54}.Release|Any CPU.Build.0 = Release|Any CPU
		{A0186EF1-CF79-4ED6-B6CC-6D6FD0F04B54}.Release|x64.ActiveCfg = Release|x64
		{A0186EF1-CF79-4ED6-B6CC-6D6FD0F04B54}.Release|x64.Build.0 = Release|x64
		{50E1C93D-C3F9-45BA-953D-1CD3999481A4}.Debug|Any CPU.ActiveCfg = Debug|Any CPU
		{50E1C93D-C3F9-45BA-953D-1CD3999481A4}.Debug|Any CPU.Build.0 = Debug|Any CPU
		{50E1C93D-C3F9-45BA-953D-1CD3999481A4}.Debug|x64.ActiveCfg = Debug|x64
		{50E1C93D-C3F9-45BA-953D-1CD3999481A4}.Debug|x64.Build.0 = Debug|x64
		{50E1C93D-C3F9-45BA-953D-1CD3999481A4}.Release|Any CPU.ActiveCfg = Release|Any CPU
		{50E1C93D-C3F9-45BA-953D-1CD3999481A4}.Release|Any CPU.Build.0 = Release|Any CPU
		{50E1C93D-C3F9-45BA-953D-1CD3999481A4}.Release|x64.ActiveCfg = Release|x64
		{50E1C93D-C3F9-45BA-953D-1CD3999481A4}.Release|x64.Build.0 = Release|x64
		{EC0027FF-D323-49F7-AD88-5A65899E7414}.Debug|Any CPU.ActiveCfg = Debug|Any CPU
		{EC0027FF-D323-49F7-AD88-5A65899E7414}.Debug|Any CPU.Build.0 = Debug|Any CPU
		{EC0027FF-D323-49F7-AD88-5A65899E7414}.Debug|x64.ActiveCfg = Debug|x64
		{EC0027FF-D323-49F7-AD88-5A65899E7414}.Debug|x64.Build.0 = Debug|x64
		{EC0027FF-D323-49F7-AD88-5A65899E7414}.Release|Any CPU.ActiveCfg = Release|Any CPU
		{EC0027FF-D323-49F7-AD88-5A65899E7414}.Release|Any CPU.Build.0 = Release|Any CPU
		{EC0027FF-D323-49F7-AD88-5A65899E7414}.Release|x64.ActiveCfg = Release|x64
		{EC0027FF-D323-49F7-AD88-5A65899E7414}.Release|x64.Build.0 = Release|x64
		{E19F772F-4A54-4AEC-AF62-BCAEDB9DE5DA}.Debug|Any CPU.ActiveCfg = Debug|Any CPU
		{E19F772F-4A54-4AEC-AF62-BCAEDB9DE5DA}.Debug|Any CPU.Build.0 = Debug|Any CPU
		{E19F772F-4A54-4AEC-AF62-BCAEDB9DE5DA}.Debug|x64.ActiveCfg = Debug|x64
		{E19F772F-4A54-4AEC-AF62-BCAEDB9DE5DA}.Debug|x64.Build.0 = Debug|x64
		{E19F772F-4A54-4AEC-AF62-BCAEDB9DE5DA}.Release|Any CPU.ActiveCfg = Release|Any CPU
		{E19F772F-4A54-4AEC-AF62-BCAEDB9DE5DA}.Release|Any CPU.Build.0 = Release|Any CPU
		{E19F772F-4A54-4AEC-AF62-BCAEDB9DE5DA}.Release|x64.ActiveCfg = Release|x64
		{E19F772F-4A54-4AEC-AF62-BCAEDB9DE5DA}.Release|x64.Build.0 = Release|x64
		{92E6DB25-45D2-451E-B40C-DB98BE0D8DAC}.Debug|Any CPU.ActiveCfg = Debug|Any CPU
		{92E6DB25-45D2-451E-B40C-DB98BE0D8DAC}.Debug|Any CPU.Build.0 = Debug|Any CPU
		{92E6DB25-45D2-451E-B40C-DB98BE0D8DAC}.Debug|x64.ActiveCfg = Debug|x64
		{92E6DB25-45D2-451E-B40C-DB98BE0D8DAC}.Debug|x64.Build.0 = Debug|x64
		{92E6DB25-45D2-451E-B40C-DB98BE0D8DAC}.Release|Any CPU.ActiveCfg = Release|Any CPU
		{92E6DB25-45D2-451E-B40C-DB98BE0D8DAC}.Release|Any CPU.Build.0 = Release|Any CPU
		{92E6DB25-45D2-451E-B40C-DB98BE0D8DAC}.Release|x64.ActiveCfg = Release|x64
		{92E6DB25-45D2-451E-B40C-DB98BE0D8DAC}.Release|x64.Build.0 = Release|x64
		{7E60E250-84E5-40AC-968E-ADD432A17715}.Debug|Any CPU.ActiveCfg = Debug|Any CPU
		{7E60E250-84E5-40AC-968E-ADD432A17715}.Debug|Any CPU.Build.0 = Debug|Any CPU
		{7E60E250-84E5-40AC-968E-ADD432A17715}.Debug|x64.ActiveCfg = Debug|x64
		{7E60E250-84E5-40AC-968E-ADD432A17715}.Debug|x64.Build.0 = Debug|x64
		{7E60E250-84E5-40AC-968E-ADD432A17715}.Release|Any CPU.ActiveCfg = Release|Any CPU
		{7E60E250-84E5-40AC-968E-ADD432A17715}.Release|Any CPU.Build.0 = Release|Any CPU
		{7E60E250-84E5-40AC-968E-ADD432A17715}.Release|x64.ActiveCfg = Release|x64
		{7E60E250-84E5-40AC-968E-ADD432A17715}.Release|x64.Build.0 = Release|x64
		{ED11501D-FBAD-41B7-A237-109F011D9284}.Debug|Any CPU.ActiveCfg = Debug|Any CPU
		{ED11501D-FBAD-41B7-A237-109F011D9284}.Debug|Any CPU.Build.0 = Debug|Any CPU
		{ED11501D-FBAD-41B7-A237-109F011D9284}.Debug|x64.ActiveCfg = Debug|x64
		{ED11501D-FBAD-41B7-A237-109F011D9284}.Debug|x64.Build.0 = Debug|x64
		{ED11501D-FBAD-41B7-A237-109F011D9284}.Release|Any CPU.ActiveCfg = Release|Any CPU
		{ED11501D-FBAD-41B7-A237-109F011D9284}.Release|Any CPU.Build.0 = Release|Any CPU
		{ED11501D-FBAD-41B7-A237-109F011D9284}.Release|x64.ActiveCfg = Release|x64
		{ED11501D-FBAD-41B7-A237-109F011D9284}.Release|x64.Build.0 = Release|x64
		{42CBB544-20B4-42EA-9324-41DFD84E8002}.Debug|Any CPU.ActiveCfg = Debug|Any CPU
		{42CBB544-20B4-42EA-9324-41DFD84E8002}.Debug|Any CPU.Build.0 = Debug|Any CPU
		{42CBB544-20B4-42EA-9324-41DFD84E8002}.Debug|x64.ActiveCfg = Debug|x64
		{42CBB544-20B4-42EA-9324-41DFD84E8002}.Debug|x64.Build.0 = Debug|x64
		{42CBB544-20B4-42EA-9324-41DFD84E8002}.Release|Any CPU.ActiveCfg = Release|Any CPU
		{42CBB544-20B4-42EA-9324-41DFD84E8002}.Release|Any CPU.Build.0 = Release|Any CPU
		{42CBB544-20B4-42EA-9324-41DFD84E8002}.Release|x64.ActiveCfg = Release|x64
		{42CBB544-20B4-42EA-9324-41DFD84E8002}.Release|x64.Build.0 = Release|x64
		{99C45BDA-AAE7-482E-ABB0-3ED1D3486C89}.Debug|Any CPU.ActiveCfg = Debug|Any CPU
		{99C45BDA-AAE7-482E-ABB0-3ED1D3486C89}.Debug|Any CPU.Build.0 = Debug|Any CPU
		{99C45BDA-AAE7-482E-ABB0-3ED1D3486C89}.Debug|x64.ActiveCfg = Debug|x64
		{99C45BDA-AAE7-482E-ABB0-3ED1D3486C89}.Debug|x64.Build.0 = Debug|x64
		{99C45BDA-AAE7-482E-ABB0-3ED1D3486C89}.Release|Any CPU.ActiveCfg = Release|Any CPU
		{99C45BDA-AAE7-482E-ABB0-3ED1D3486C89}.Release|Any CPU.Build.0 = Release|Any CPU
		{99C45BDA-AAE7-482E-ABB0-3ED1D3486C89}.Release|x64.ActiveCfg = Release|x64
		{99C45BDA-AAE7-482E-ABB0-3ED1D3486C89}.Release|x64.Build.0 = Release|x64
		{1356ED85-D501-4026-B510-698BDAFDFB60}.Debug|Any CPU.ActiveCfg = Debug|Any CPU
		{1356ED85-D501-4026-B510-698BDAFDFB60}.Debug|Any CPU.Build.0 = Debug|Any CPU
		{1356ED85-D501-4026-B510-698BDAFDFB60}.Debug|x64.ActiveCfg = Debug|x64
		{1356ED85-D501-4026-B510-698BDAFDFB60}.Debug|x64.Build.0 = Debug|x64
		{1356ED85-D501-4026-B510-698BDAFDFB60}.Release|Any CPU.ActiveCfg = Release|Any CPU
		{1356ED85-D501-4026-B510-698BDAFDFB60}.Release|Any CPU.Build.0 = Release|Any CPU
		{1356ED85-D501-4026-B510-698BDAFDFB60}.Release|x64.ActiveCfg = Release|x64
		{1356ED85-D501-4026-B510-698BDAFDFB60}.Release|x64.Build.0 = Release|x64
		{A38C2F93-2FF7-4A70-9725-A28E9866FAE5}.Debug|Any CPU.ActiveCfg = Debug|Any CPU
		{A38C2F93-2FF7-4A70-9725-A28E9866FAE5}.Debug|Any CPU.Build.0 = Debug|Any CPU
		{A38C2F93-2FF7-4A70-9725-A28E9866FAE5}.Debug|x64.ActiveCfg = Debug|x64
		{A38C2F93-2FF7-4A70-9725-A28E9866FAE5}.Debug|x64.Build.0 = Debug|x64
		{A38C2F93-2FF7-4A70-9725-A28E9866FAE5}.Release|Any CPU.ActiveCfg = Release|Any CPU
		{A38C2F93-2FF7-4A70-9725-A28E9866FAE5}.Release|Any CPU.Build.0 = Release|Any CPU
		{A38C2F93-2FF7-4A70-9725-A28E9866FAE5}.Release|x64.ActiveCfg = Release|x64
		{A38C2F93-2FF7-4A70-9725-A28E9866FAE5}.Release|x64.Build.0 = Release|x64
		{5924F8E7-0123-4318-904A-26BFBF4B02E1}.Debug|Any CPU.ActiveCfg = Debug|Any CPU
		{5924F8E7-0123-4318-904A-26BFBF4B02E1}.Debug|Any CPU.Build.0 = Debug|Any CPU
		{5924F8E7-0123-4318-904A-26BFBF4B02E1}.Debug|x64.ActiveCfg = Debug|x64
		{5924F8E7-0123-4318-904A-26BFBF4B02E1}.Debug|x64.Build.0 = Debug|x64
		{5924F8E7-0123-4318-904A-26BFBF4B02E1}.Release|Any CPU.ActiveCfg = Release|Any CPU
		{5924F8E7-0123-4318-904A-26BFBF4B02E1}.Release|Any CPU.Build.0 = Release|Any CPU
		{5924F8E7-0123-4318-904A-26BFBF4B02E1}.Release|x64.ActiveCfg = Release|x64
		{5924F8E7-0123-4318-904A-26BFBF4B02E1}.Release|x64.Build.0 = Release|x64
		{67DDCE03-0F69-42A8-AD9E-9F12CE18829E}.Debug|Any CPU.ActiveCfg = Debug|Any CPU
		{67DDCE03-0F69-42A8-AD9E-9F12CE18829E}.Debug|Any CPU.Build.0 = Debug|Any CPU
		{67DDCE03-0F69-42A8-AD9E-9F12CE18829E}.Debug|x64.ActiveCfg = Debug|x64
		{67DDCE03-0F69-42A8-AD9E-9F12CE18829E}.Debug|x64.Build.0 = Debug|x64
		{67DDCE03-0F69-42A8-AD9E-9F12CE18829E}.Release|Any CPU.ActiveCfg = Release|Any CPU
		{67DDCE03-0F69-42A8-AD9E-9F12CE18829E}.Release|Any CPU.Build.0 = Release|Any CPU
		{67DDCE03-0F69-42A8-AD9E-9F12CE18829E}.Release|x64.ActiveCfg = Release|x64
		{67DDCE03-0F69-42A8-AD9E-9F12CE18829E}.Release|x64.Build.0 = Release|x64
		{97CC3353-F6DA-43EE-8586-36730FA79C52}.Debug|Any CPU.ActiveCfg = Debug|Any CPU
		{97CC3353-F6DA-43EE-8586-36730FA79C52}.Debug|Any CPU.Build.0 = Debug|Any CPU
		{97CC3353-F6DA-43EE-8586-36730FA79C52}.Debug|x64.ActiveCfg = Debug|x64
		{97CC3353-F6DA-43EE-8586-36730FA79C52}.Debug|x64.Build.0 = Debug|x64
		{97CC3353-F6DA-43EE-8586-36730FA79C52}.Release|Any CPU.ActiveCfg = Release|Any CPU
		{97CC3353-F6DA-43EE-8586-36730FA79C52}.Release|Any CPU.Build.0 = Release|Any CPU
		{97CC3353-F6DA-43EE-8586-36730FA79C52}.Release|x64.ActiveCfg = Release|x64
		{97CC3353-F6DA-43EE-8586-36730FA79C52}.Release|x64.Build.0 = Release|x64
		{C7CDD3EC-CE98-420E-9CCD-1D701D3AB827}.Debug|Any CPU.ActiveCfg = Debug|Any CPU
		{C7CDD3EC-CE98-420E-9CCD-1D701D3AB827}.Debug|Any CPU.Build.0 = Debug|Any CPU
		{C7CDD3EC-CE98-420E-9CCD-1D701D3AB827}.Debug|x64.ActiveCfg = Debug|x64
		{C7CDD3EC-CE98-420E-9CCD-1D701D3AB827}.Debug|x64.Build.0 = Debug|x64
		{C7CDD3EC-CE98-420E-9CCD-1D701D3AB827}.Release|Any CPU.ActiveCfg = Release|Any CPU
		{C7CDD3EC-CE98-420E-9CCD-1D701D3AB827}.Release|Any CPU.Build.0 = Release|Any CPU
		{C7CDD3EC-CE98-420E-9CCD-1D701D3AB827}.Release|x64.ActiveCfg = Release|x64
		{C7CDD3EC-CE98-420E-9CCD-1D701D3AB827}.Release|x64.Build.0 = Release|x64
		{96443CF4-F03E-4742-9FDC-03DAE6932825}.Debug|Any CPU.ActiveCfg = Debug|Any CPU
		{96443CF4-F03E-4742-9FDC-03DAE6932825}.Debug|Any CPU.Build.0 = Debug|Any CPU
		{96443CF4-F03E-4742-9FDC-03DAE6932825}.Debug|x64.ActiveCfg = Debug|x64
		{96443CF4-F03E-4742-9FDC-03DAE6932825}.Debug|x64.Build.0 = Debug|x64
		{96443CF4-F03E-4742-9FDC-03DAE6932825}.Release|Any CPU.ActiveCfg = Release|Any CPU
		{96443CF4-F03E-4742-9FDC-03DAE6932825}.Release|Any CPU.Build.0 = Release|Any CPU
		{96443CF4-F03E-4742-9FDC-03DAE6932825}.Release|x64.ActiveCfg = Release|x64
		{96443CF4-F03E-4742-9FDC-03DAE6932825}.Release|x64.Build.0 = Release|x64
		{B6D996D5-2F4B-4062-8B0F-E2051C4BD93A}.Debug|Any CPU.ActiveCfg = Debug|Any CPU
		{B6D996D5-2F4B-4062-8B0F-E2051C4BD93A}.Debug|Any CPU.Build.0 = Debug|Any CPU
		{B6D996D5-2F4B-4062-8B0F-E2051C4BD93A}.Debug|x64.ActiveCfg = Debug|x64
		{B6D996D5-2F4B-4062-8B0F-E2051C4BD93A}.Debug|x64.Build.0 = Debug|x64
		{B6D996D5-2F4B-4062-8B0F-E2051C4BD93A}.Release|Any CPU.ActiveCfg = Release|Any CPU
		{B6D996D5-2F4B-4062-8B0F-E2051C4BD93A}.Release|Any CPU.Build.0 = Release|Any CPU
		{B6D996D5-2F4B-4062-8B0F-E2051C4BD93A}.Release|x64.ActiveCfg = Release|x64
		{B6D996D5-2F4B-4062-8B0F-E2051C4BD93A}.Release|x64.Build.0 = Release|x64
		{227BD7D6-DF8E-4704-B608-B6768CA18B3E}.Debug|Any CPU.ActiveCfg = Debug|Any CPU
		{227BD7D6-DF8E-4704-B608-B6768CA18B3E}.Debug|Any CPU.Build.0 = Debug|Any CPU
		{227BD7D6-DF8E-4704-B608-B6768CA18B3E}.Debug|x64.ActiveCfg = Debug|x64
		{227BD7D6-DF8E-4704-B608-B6768CA18B3E}.Debug|x64.Build.0 = Debug|x64
		{227BD7D6-DF8E-4704-B608-B6768CA18B3E}.Release|Any CPU.ActiveCfg = Release|Any CPU
		{227BD7D6-DF8E-4704-B608-B6768CA18B3E}.Release|Any CPU.Build.0 = Release|Any CPU
		{227BD7D6-DF8E-4704-B608-B6768CA18B3E}.Release|x64.ActiveCfg = Release|x64
		{227BD7D6-DF8E-4704-B608-B6768CA18B3E}.Release|x64.Build.0 = Release|x64
		{2B093B1A-87B0-4E37-8DD2-A86CC39D3399}.Debug|Any CPU.ActiveCfg = Debug|Any CPU
		{2B093B1A-87B0-4E37-8DD2-A86CC39D3399}.Debug|Any CPU.Build.0 = Debug|Any CPU
		{2B093B1A-87B0-4E37-8DD2-A86CC39D3399}.Debug|x64.ActiveCfg = Debug|x64
		{2B093B1A-87B0-4E37-8DD2-A86CC39D3399}.Debug|x64.Build.0 = Debug|x64
		{2B093B1A-87B0-4E37-8DD2-A86CC39D3399}.Release|Any CPU.ActiveCfg = Release|Any CPU
		{2B093B1A-87B0-4E37-8DD2-A86CC39D3399}.Release|Any CPU.Build.0 = Release|Any CPU
		{2B093B1A-87B0-4E37-8DD2-A86CC39D3399}.Release|x64.ActiveCfg = Release|x64
		{2B093B1A-87B0-4E37-8DD2-A86CC39D3399}.Release|x64.Build.0 = Release|x64
		{EF61FE73-1897-4103-97F6-E01DF667B31D}.Debug|Any CPU.ActiveCfg = Debug|Any CPU
		{EF61FE73-1897-4103-97F6-E01DF667B31D}.Debug|Any CPU.Build.0 = Debug|Any CPU
		{EF61FE73-1897-4103-97F6-E01DF667B31D}.Debug|x64.ActiveCfg = Debug|x64
		{EF61FE73-1897-4103-97F6-E01DF667B31D}.Debug|x64.Build.0 = Debug|x64
		{EF61FE73-1897-4103-97F6-E01DF667B31D}.Release|Any CPU.ActiveCfg = Release|Any CPU
		{EF61FE73-1897-4103-97F6-E01DF667B31D}.Release|Any CPU.Build.0 = Release|Any CPU
		{EF61FE73-1897-4103-97F6-E01DF667B31D}.Release|x64.ActiveCfg = Release|x64
		{EF61FE73-1897-4103-97F6-E01DF667B31D}.Release|x64.Build.0 = Release|x64
		{411D06B3-2631-4298-AC43-4FD68BF752A9}.Debug|Any CPU.ActiveCfg = Debug|Any CPU
		{411D06B3-2631-4298-AC43-4FD68BF752A9}.Debug|Any CPU.Build.0 = Debug|Any CPU
		{411D06B3-2631-4298-AC43-4FD68BF752A9}.Debug|x64.ActiveCfg = Debug|x64
		{411D06B3-2631-4298-AC43-4FD68BF752A9}.Debug|x64.Build.0 = Debug|x64
		{411D06B3-2631-4298-AC43-4FD68BF752A9}.Release|Any CPU.ActiveCfg = Release|Any CPU
		{411D06B3-2631-4298-AC43-4FD68BF752A9}.Release|Any CPU.Build.0 = Release|Any CPU
		{411D06B3-2631-4298-AC43-4FD68BF752A9}.Release|x64.ActiveCfg = Release|x64
		{411D06B3-2631-4298-AC43-4FD68BF752A9}.Release|x64.Build.0 = Release|x64
		{FB80F0D5-02FE-4A86-8FAA-072E1ED1B373}.Debug|Any CPU.ActiveCfg = Debug|Any CPU
		{FB80F0D5-02FE-4A86-8FAA-072E1ED1B373}.Debug|Any CPU.Build.0 = Debug|Any CPU
		{FB80F0D5-02FE-4A86-8FAA-072E1ED1B373}.Debug|x64.ActiveCfg = Debug|x64
		{FB80F0D5-02FE-4A86-8FAA-072E1ED1B373}.Debug|x64.Build.0 = Debug|x64
		{FB80F0D5-02FE-4A86-8FAA-072E1ED1B373}.Release|Any CPU.ActiveCfg = Release|Any CPU
		{FB80F0D5-02FE-4A86-8FAA-072E1ED1B373}.Release|Any CPU.Build.0 = Release|Any CPU
		{FB80F0D5-02FE-4A86-8FAA-072E1ED1B373}.Release|x64.ActiveCfg = Release|x64
		{FB80F0D5-02FE-4A86-8FAA-072E1ED1B373}.Release|x64.Build.0 = Release|x64
		{26441ED0-84BF-4645-B177-59BE4D83E1E6}.Debug|Any CPU.ActiveCfg = Debug|Any CPU
		{26441ED0-84BF-4645-B177-59BE4D83E1E6}.Debug|Any CPU.Build.0 = Debug|Any CPU
		{26441ED0-84BF-4645-B177-59BE4D83E1E6}.Debug|x64.ActiveCfg = Debug|x64
		{26441ED0-84BF-4645-B177-59BE4D83E1E6}.Debug|x64.Build.0 = Debug|x64
		{26441ED0-84BF-4645-B177-59BE4D83E1E6}.Release|Any CPU.ActiveCfg = Release|Any CPU
		{26441ED0-84BF-4645-B177-59BE4D83E1E6}.Release|Any CPU.Build.0 = Release|Any CPU
		{26441ED0-84BF-4645-B177-59BE4D83E1E6}.Release|x64.ActiveCfg = Release|x64
		{26441ED0-84BF-4645-B177-59BE4D83E1E6}.Release|x64.Build.0 = Release|x64
		{3AC9A09D-1621-4B1A-8B39-57EF26CEAE8A}.Debug|Any CPU.ActiveCfg = Debug|Any CPU
		{3AC9A09D-1621-4B1A-8B39-57EF26CEAE8A}.Debug|Any CPU.Build.0 = Debug|Any CPU
		{3AC9A09D-1621-4B1A-8B39-57EF26CEAE8A}.Debug|x64.ActiveCfg = Debug|Any CPU
		{3AC9A09D-1621-4B1A-8B39-57EF26CEAE8A}.Debug|x64.Build.0 = Debug|Any CPU
		{3AC9A09D-1621-4B1A-8B39-57EF26CEAE8A}.Release|Any CPU.ActiveCfg = Release|Any CPU
		{3AC9A09D-1621-4B1A-8B39-57EF26CEAE8A}.Release|Any CPU.Build.0 = Release|Any CPU
		{3AC9A09D-1621-4B1A-8B39-57EF26CEAE8A}.Release|x64.ActiveCfg = Release|Any CPU
		{3AC9A09D-1621-4B1A-8B39-57EF26CEAE8A}.Release|x64.Build.0 = Release|Any CPU
	EndGlobalSection
	GlobalSection(SolutionProperties) = preSolution
		HideSolutionNode = FALSE
	EndGlobalSection
	GlobalSection(NestedProjects) = preSolution
		{81BBBFAB-153A-4322-AED2-988F94338BFF} = {54F31ED8-41D9-4BE4-B925-41794038BBB0}
		{A0186EF1-CF79-4ED6-B6CC-6D6FD0F04B54} = {19F5E2A9-8A2D-455D-A743-0CFB7A1CE272}
		{50E1C93D-C3F9-45BA-953D-1CD3999481A4} = {54F31ED8-41D9-4BE4-B925-41794038BBB0}
		{EC0027FF-D323-49F7-AD88-5A65899E7414} = {B7D040EF-AFC9-4281-9A0C-18EB8F84CF9E}
		{E19F772F-4A54-4AEC-AF62-BCAEDB9DE5DA} = {B7D040EF-AFC9-4281-9A0C-18EB8F84CF9E}
		{92E6DB25-45D2-451E-B40C-DB98BE0D8DAC} = {49093BF7-9AEE-42B1-A9AB-924EADE9B620}
		{7E60E250-84E5-40AC-968E-ADD432A17715} = {B7D040EF-AFC9-4281-9A0C-18EB8F84CF9E}
		{ED11501D-FBAD-41B7-A237-109F011D9284} = {B7D040EF-AFC9-4281-9A0C-18EB8F84CF9E}
		{42CBB544-20B4-42EA-9324-41DFD84E8002} = {49093BF7-9AEE-42B1-A9AB-924EADE9B620}
		{99C45BDA-AAE7-482E-ABB0-3ED1D3486C89} = {49093BF7-9AEE-42B1-A9AB-924EADE9B620}
		{1356ED85-D501-4026-B510-698BDAFDFB60} = {49093BF7-9AEE-42B1-A9AB-924EADE9B620}
		{A38C2F93-2FF7-4A70-9725-A28E9866FAE5} = {BF28452E-6702-4684-8659-4AA868CFA453}
		{5924F8E7-0123-4318-904A-26BFBF4B02E1} = {B7D040EF-AFC9-4281-9A0C-18EB8F84CF9E}
		{67DDCE03-0F69-42A8-AD9E-9F12CE18829E} = {49093BF7-9AEE-42B1-A9AB-924EADE9B620}
		{97CC3353-F6DA-43EE-8586-36730FA79C52} = {49093BF7-9AEE-42B1-A9AB-924EADE9B620}
		{C7CDD3EC-CE98-420E-9CCD-1D701D3AB827} = {B7D040EF-AFC9-4281-9A0C-18EB8F84CF9E}
		{96443CF4-F03E-4742-9FDC-03DAE6932825} = {B7D040EF-AFC9-4281-9A0C-18EB8F84CF9E}
		{B6D996D5-2F4B-4062-8B0F-E2051C4BD93A} = {BF28452E-6702-4684-8659-4AA868CFA453}
		{227BD7D6-DF8E-4704-B608-B6768CA18B3E} = {BF28452E-6702-4684-8659-4AA868CFA453}
		{2B093B1A-87B0-4E37-8DD2-A86CC39D3399} = {BF28452E-6702-4684-8659-4AA868CFA453}
		{EF61FE73-1897-4103-97F6-E01DF667B31D} = {C1C9B271-3067-43D0-8413-C53A5086FAA0}
		{411D06B3-2631-4298-AC43-4FD68BF752A9} = {BF28452E-6702-4684-8659-4AA868CFA453}
		{FB80F0D5-02FE-4A86-8FAA-072E1ED1B373} = {BF28452E-6702-4684-8659-4AA868CFA453}
		{26441ED0-84BF-4645-B177-59BE4D83E1E6} = {BF28452E-6702-4684-8659-4AA868CFA453}
		{3AC9A09D-1621-4B1A-8B39-57EF26CEAE8A} = {BF28452E-6702-4684-8659-4AA868CFA453}
	EndGlobalSection
	GlobalSection(ExtensibilityGlobals) = postSolution
		SolutionGuid = {B960A1FB-0763-40BB-9F44-063307A391BB}
	EndGlobalSection
EndGlobal
